<Solution>
  <Folder Name="/Solution Items/">
    <File Path=".editorconfig" />
    <File Path=".gitignore" />
    <File Path="appveyor.yml" />
    <File Path="Directory.Build.props" />
    <File Path="NuGet.config" />
  </Folder>
  <Folder Name="/Tests/">
    <File Path="Tests/TestHelper.config" />
    <Project Path="Tests/CK.DB.GuestActor.Tests/CK.DB.GuestActor.Tests.csproj" />
  </Folder>
  <Project Path="CK.DB.GuestActor/CK.DB.GuestActor.csproj" />
</Solution>