
Microsoft Visual Studio Solution File, Format Version 12.00
# Visual Studio 15
VisualStudioVersion = 15.0.28307.438
MinimumVisualStudioVersion = 10.0.40219.1
Project("{9A19103F-16F7-4668-BE54-9A1E7A4F7556}") = "CK.DB.GuestUser", "CK.DB.GuestUser\CK.DB.GuestUser.csproj", "{16A94C22-96D4-42EC-9A18-278814A0D8EA}"
EndProject
Project("{2150E333-8FDC-42A3-9474-1A3956D46DE8}") = "Solution Items", "Solution Items", "{2E1972AA-5341-4F1D-9D60-27D17A62A5C0}"
	ProjectSection(SolutionItems) = preProject
		.editorconfig = .editorconfig
		nuget.config = nuget.config
		Common\Shared.props = Common\Shared.props
		Common\SharedKey.snk = Common\SharedKey.snk
	EndProjectSection
EndProject
Project("{2150E333-8FDC-42A3-9474-1A3956D46DE8}") = "Tests", "Tests", "{1E178CC0-00B6-4B9A-8536-BFF9075742C3}"
	ProjectSection(SolutionItems) = preProject
		Tests\TestHelper.config = Tests\TestHelper.config
	EndProjectSection
EndProject
Project("{9A19103F-16F7-4668-BE54-9A1E7A4F7556}") = "CK.DB.GuestUser.Tests", "Tests\CK.DB.GuestUser.Tests\CK.DB.GuestUser.Tests.csproj", "{BF830D7E-17F1-4496-9451-662730AD62BE}"
EndProject
Global
	GlobalSection(SolutionConfigurationPlatforms) = preSolution
		Debug|Any CPU = Debug|Any CPU
		Release|Any CPU = Release|Any CPU
	EndGlobalSection
	GlobalSection(ProjectConfigurationPlatforms) = postSolution
		{16A94C22-96D4-42EC-9A18-278814A0D8EA}.Debug|Any CPU.ActiveCfg = Debug|Any CPU
		{16A94C22-96D4-42EC-9A18-278814A0D8EA}.Debug|Any CPU.Build.0 = Debug|Any CPU
		{16A94C22-96D4-42EC-9A18-278814A0D8EA}.Release|Any CPU.ActiveCfg = Release|Any CPU
		{16A94C22-96D4-42EC-9A18-278814A0D8EA}.Release|Any CPU.Build.0 = Release|Any CPU
		{BF830D7E-17F1-4496-9451-662730AD62BE}.Debug|Any CPU.ActiveCfg = Debug|Any CPU
		{BF830D7E-17F1-4496-9451-662730AD62BE}.Debug|Any CPU.Build.0 = Debug|Any CPU
		{BF830D7E-17F1-4496-9451-662730AD62BE}.Release|Any CPU.ActiveCfg = Release|Any CPU
		{BF830D7E-17F1-4496-9451-662730AD62BE}.Release|Any CPU.Build.0 = Release|Any CPU
	EndGlobalSection
	GlobalSection(SolutionProperties) = preSolution
		HideSolutionNode = FALSE
	EndGlobalSection
	GlobalSection(NestedProjects) = preSolution
		{BF830D7E-17F1-4496-9451-662730AD62BE} = {1E178CC0-00B6-4B9A-8536-BFF9075742C3}
	EndGlobalSection
	GlobalSection(ExtensibilityGlobals) = postSolution
		SolutionGuid = {E873B60D-3883-4CF5-A67E-3C38FBA80CB0}
	EndGlobalSection
EndGlobal
